{
  "name": "@xpario/javascript-tools",
  "version": "0.5.122",
  "lockfileVersion": 3,
  "requires": true,
  "packages": {
    "": {
      "name": "@xpario/javascript-tools",
      "version": "0.5.122",
      "license": "ISC",
      "dependencies": {
        "crypto-es": "^2.1.0",
        "libphonenumber-js": "1.10.54"
      },
      "devDependencies": {
        "typescript": "^5.3.3"
      }
    },
    "node_modules/crypto-es": {
      "version": "2.1.0",
      "resolved": "https://registry.npmjs.org/crypto-es/-/crypto-es-2.1.0.tgz",
      "integrity": "sha512-C5Dbuv4QTPGuloy5c5Vv/FZHtmK+lobLAypFfuRaBbwCsk3qbCWWESCH3MUcBsrgXloRNMrzwUAiPg4U6+IaKA=="
    },
    "node_modules/libphonenumber-js": {
      "version": "1.10.54",
      "resolved": "https://registry.npmjs.org/libphonenumber-js/-/libphonenumber-js-1.10.54.tgz",
      "integrity": "sha512-P+38dUgJsmh0gzoRDoM4F5jLbyfztkU6PY6eSK6S5HwTi/LPvnwXqVCQZlAy1FxZ5c48q25QhxGQ0pq+WQcSlQ=="
    },
    "node_modules/typescript": {
      "version": "5.3.3",
      "resolved": "https://registry.npmjs.org/typescript/-/typescript-5.3.3.tgz",
      "integrity": "sha512-pXWcraxM0uxAS+tN0AG/BF2TyqmHO014Z070UsJ+pFvYuRSq8KH8DmWpnbXe0pEPDHXZV3FcAbJkijJ5oNEnWw==",
      "dev": true,
      "bin": {
        "tsc": "bin/tsc",
        "tsserver": "bin/tsserver"
      },
      "engines": {
        "node": ">=14.17"
      }
    }
  }
}
