{
  "name": "@xpario/javascript-tools",
  "version": "0.3.101",
  "lockfileVersion": 3,
  "requires": true,
  "packages": {
    "": {
      "name": "@xpario/javascript-tools",
      "version": "0.3.101",
      "license": "ISC",
      "dependencies": {
        "crypto-es": "^2.0.4",
        "libphonenumber-js": "1.10.44"
      },
      "devDependencies": {
        "typescript": "^5.2.2"
      }
    },
    "node_modules/crypto-es": {
      "version": "2.0.4",
      "resolved": "https://registry.npmjs.org/crypto-es/-/crypto-es-2.0.4.tgz",
      "integrity": "sha512-GJxgJJ7HjGzwT7iQF0K9RertKkzgSKUXd8X2aQ7RGDS8yMVDzIBFMNHID9hnj48Ep8NAICHWV1CFIETlVNZ/Lg=="
    },
    "node_modules/libphonenumber-js": {
      "version": "1.10.44",
      "resolved": "https://registry.npmjs.org/libphonenumber-js/-/libphonenumber-js-1.10.44.tgz",
      "integrity": "sha512-svlRdNBI5WgBjRC20GrCfbFiclbF0Cx+sCcQob/C1r57nsoq0xg8r65QbTyVyweQIlB33P+Uahyho6EMYgcOyQ=="
    },
    "node_modules/typescript": {
      "version": "5.2.2",
      "resolved": "https://registry.npmjs.org/typescript/-/typescript-5.2.2.tgz",
      "integrity": "sha512-mI4WrpHsbCIcwT9cF4FZvr80QUeKvsUsUvKDoR+X/7XHQH98xYD8YHZg7ANtz2GtZt/CBq2QJ0thkGJMHfqc1w==",
      "dev": true,
      "bin": {
        "tsc": "bin/tsc",
        "tsserver": "bin/tsserver"
      },
      "engines": {
        "node": ">=14.17"
      }
    }
  }
}
